<?xml version="1.0" encoding="UTF-8" standalone="yes" ?>
<CodeBlocks_project_file>
	<FileVersion major="1" minor="6" />
	<Project>
		<Option title="Panic Station" />
		<Option pch_mode="2" />
		<Option compiler="gcc" />
		<Build>
			<Target title="default">
				<Option output="build/Panic Station" prefix_auto="1" extension_auto="1" />
				<Option working_dir="build" />
				<Option object_output="output" />
				<Option type="0" />
				<Option compiler="gcc" />
				<Compiler>
					<Add directory="include" />
				</Compiler>
				<Linker>
					<Add option="-lalpng" />
					<Add option="-lalleg" />
					<Add option="-lfmod" />
					<Add option="-static-libgcc" />
					<Add option="-static-libstdc++" />
				</Linker>
			</Target>
		</Build>
		<Compiler>
			<Add directory="C:/Libraries/include" />
		</Compiler>
		<Linker>
			<Add directory="C:/Libraries/lib" />
		</Linker>
		<Unit filename="include/Editor.h" />
		<Unit filename="include/Game.h" />
		<Unit filename="include/GameState.h" />
		<Unit filename="include/Init.h" />
		<Unit filename="include/Intro.h" />
		<Unit filename="include/Menu.h" />
		<Unit filename="include/enemy.h" />
		<Unit filename="include/globals.h" />
		<Unit filename="include/hud.h" />
		<Unit filename="include/particle.h" />
		<Unit filename="include/player.h" />
		<Unit filename="include/projectile.h" />
		<Unit filename="include/tile.h" />
		<Unit filename="include/tileMap.h" />
		<Unit filename="include/tools.h" />
		<Unit filename="resources.rc">
			<Option compilerVar="WINDRES" />
		</Unit>
		<Unit filename="src/Editor.cpp" />
		<Unit filename="src/Game.cpp" />
		<Unit filename="src/GameState.cpp" />
		<Unit filename="src/Init.cpp" />
		<Unit filename="src/Intro.cpp" />
		<Unit filename="src/Menu.cpp" />
		<Unit filename="src/enemy.cpp" />
		<Unit filename="src/globals.cpp" />
		<Unit filename="src/hud.cpp" />
		<Unit filename="src/main.cpp" />
		<Unit filename="src/particle.cpp" />
		<Unit filename="src/player.cpp" />
		<Unit filename="src/projectile.cpp" />
		<Unit filename="src/tile.cpp" />
		<Unit filename="src/tileMap.cpp" />
		<Unit filename="src/tools.cpp" />
		<Unit filename="version.h" />
		<Extensions>
			<code_completion />
			<envvars />
			<debugger />
			<lib_finder disable_auto="1" />
			<DoxyBlocks>
				<comment_style block="0" line="0" />
				<doxyfile_project />
				<doxyfile_build />
				<doxyfile_warnings />
				<doxyfile_output />
				<doxyfile_dot />
				<general />
			</DoxyBlocks>
			<AutoVersioning>
				<Scheme minor_max="10" build_max="0" rev_max="0" rev_rand_max="10" build_times_to_increment_minor="100" />
				<Settings autoincrement="1" date_declarations="1" update_manifest="0" do_auto_increment="0" ask_to_increment="0" language="C++" svn="0" svn_directory="" header_path="version.h" />
				<Changes_Log show_changes_editor="0" app_title="released version %M.%m.%b of %p" changeslog_path="ChangesLog.txt" />
				<Code header_guard="VERSION_H" namespace="AutoVersion" prefix="" />
			</AutoVersioning>
		</Extensions>
	</Project>
</CodeBlocks_project_file>
